
Microsoft Visual Studio Solution File, Format Version 12.00
# Visual Studio Version 17
VisualStudioVersion = 17.3.32804.467
MinimumVisualStudioVersion = 10.0.40219.1
Project("{9A19103F-16F7-4668-BE54-9A1E7A4F7556}") = "IdentityServer", "IdentityServer.csproj", "{29760D0F-7CAF-4872-A991-A911CEF11B8C}"
EndProject
Project("{9A19103F-16F7-4668-BE54-9A1E7A4F7556}") = "WebApplication1", "..\WebApplication1\WebApplication1\WebApplication1.csproj", "{394B3CE5-C0DA-420A-AC77-13DD44A012B5}"
EndProject
Project("{9A19103F-16F7-4668-BE54-9A1E7A4F7556}") = "UserUI", "..\UserUI\UserUI\UserUI.csproj", "{3238DF65-47B9-48C0-95AF-E11F2E774814}"
EndProject
Global
	GlobalSection(SolutionConfigurationPlatforms) = preSolution
		Debug|Any CPU = Debug|Any CPU
		Release|Any CPU = Release|Any CPU
	EndGlobalSection
	GlobalSection(ProjectConfigurationPlatforms) = postSolution
		{29760D0F-7CAF-4872-A991-A911CEF11B8C}.Debug|Any CPU.ActiveCfg = Debug|Any CPU
		{29760D0F-7CAF-4872-A991-A911CEF11B8C}.Debug|Any CPU.Build.0 = Debug|Any CPU
		{29760D0F-7CAF-4872-A991-A911CEF11B8C}.Release|Any CPU.ActiveCfg = Release|Any CPU
		{29760D0F-7CAF-4872-A991-A911CEF11B8C}.Release|Any CPU.Build.0 = Release|Any CPU
		{394B3CE5-C0DA-420A-AC77-13DD44A012B5}.Debug|Any CPU.ActiveCfg = Debug|Any CPU
		{394B3CE5-C0DA-420A-AC77-13DD44A012B5}.Debug|Any CPU.Build.0 = Debug|Any CPU
		{394B3CE5-C0DA-420A-AC77-13DD44A012B5}.Release|Any CPU.ActiveCfg = Release|Any CPU
		{394B3CE5-C0DA-420A-AC77-13DD44A012B5}.Release|Any CPU.Build.0 = Release|Any CPU
		{3238DF65-47B9-48C0-95AF-E11F2E774814}.Debug|Any CPU.ActiveCfg = Debug|Any CPU
		{3238DF65-47B9-48C0-95AF-E11F2E774814}.Debug|Any CPU.Build.0 = Debug|Any CPU
		{3238DF65-47B9-48C0-95AF-E11F2E774814}.Release|Any CPU.ActiveCfg = Release|Any CPU
		{3238DF65-47B9-48C0-95AF-E11F2E774814}.Release|Any CPU.Build.0 = Release|Any CPU
	EndGlobalSection
	GlobalSection(SolutionProperties) = preSolution
		HideSolutionNode = FALSE
	EndGlobalSection
	GlobalSection(ExtensibilityGlobals) = postSolution
		SolutionGuid = {BBA460AC-B4AE-4D82-A173-25A160D43810}
	EndGlobalSection
EndGlobal
